{
    "_readme": [
        "This file locks the dependencies of your project to a known state",
        "Read more about it at http://getcomposer.org/doc/01-basic-usage.md#composer-lock-the-lock-file",
        "This file is @generated automatically"
    ],
    "hash": "e22a011be791cbe54dd850315f783858",
    "packages": [
        {
            "name": "twig/twig",
            "version": "v1.18.1",
            "source": {
                "type": "git",
                "url": "https://github.com/twigphp/Twig.git",
                "reference": "9f70492f44398e276d1b81c1b43adfe6751c7b7f"
            },
            "dist": {
                "type": "zip",
                "url": "https://api.github.com/repos/twigphp/Twig/zipball/9f70492f44398e276d1b81c1b43adfe6751c7b7f",
                "reference": "9f70492f44398e276d1b81c1b43adfe6751c7b7f",
                "shasum": ""
            },
            "require": {
                "php": ">=5.2.7"
            },
            "type": "library",
            "extra": {
                "branch-alias": {
                    "dev-master": "1.18-dev"
                }
            },
            "autoload": {
                "psr-0": {
                    "Twig_": "lib/"
                }
            },
            "notification-url": "https://packagist.org/downloads/",
            "license": [
                "BSD-3-Clause"
            ],
            "authors": [
                {
                    "name": "Fabien Potencier",
                    "email": "fabien@symfony.com",
                    "homepage": "http://fabien.potencier.org",
                    "role": "Lead Developer"
                },
                {
                    "name": "Armin Ronacher",
                    "email": "armin.ronacher@active-4.com",
                    "role": "Project Founder"
                },
                {
                    "name": "Twig Team",
                    "homepage": "http://twig.sensiolabs.org/contributors",
                    "role": "Contributors"
                }
            ],
            "description": "Twig, the flexible, fast, and secure template language for PHP",
            "homepage": "http://twig.sensiolabs.org",
            "keywords": [
                "templating"
            ],
            "time": "2015-04-19 08:30:27"
        },
        {
            "name": "wpplex/wp-autoupdate",
            "version": "dev-master",
            "source": {
                "type": "git",
                "url": "https://github.com/wpplex/wp-autoupdate.git",
                "reference": "e2f63fb2b59ab5d6550c8dacf1cc1cce74a1b735"
            },
            "dist": {
                "type": "zip",
                "url": "https://api.github.com/repos/wpplex/wp-autoupdate/zipball/e2f63fb2b59ab5d6550c8dacf1cc1cce74a1b735",
                "reference": "e2f63fb2b59ab5d6550c8dacf1cc1cce74a1b735",
                "shasum": ""
            },
            "require": {
                "php": ">=5.3.0"
            },
            "type": "library",
            "autoload": {
                "psr-4": {
                    "wpplex\\WP_AutoUpdate\\": ""
                }
            },
            "notification-url": "https://packagist.org/downloads/",
            "license": [
                "MIT"
            ],
            "authors": [
                {
                    "name": "Abid Omar",
                    "email": "contact@omarabid.com",
                    "homepage": "http://omarabid.com",
                    "role": "Lead Developer"
                }
            ],
            "description": "Create your own self-hosted WordPress Plugin repository for pushing automatic updates.",
            "homepage": "http://omarabid.com",
            "keywords": [
                "auto-update",
                "wordpress"
            ],
            "time": "2015-05-01 17:06:40"
        },
        {
            "name": "wpplex/wp-debugbar",
            "version": "dev-master",
            "source": {
                "type": "git",
                "url": "https://github.com/wpplex/wp-debugbar.git",
                "reference": "ad3622854aa6862963119b96e0ebc8838f7240f9"
            },
            "dist": {
                "type": "zip",
                "url": "https://api.github.com/repos/wpplex/wp-debugbar/zipball/ad3622854aa6862963119b96e0ebc8838f7240f9",
                "reference": "ad3622854aa6862963119b96e0ebc8838f7240f9",
                "shasum": ""
            },
            "require": {
                "php": ">=5.3.0"
            },
            "type": "library",
            "autoload": {
                "psr-4": {
                    "wpplex\\WP_DebugBar\\": ""
                }
            },
            "notification-url": "https://packagist.org/downloads/",
            "license": [
                "MIT"
            ],
            "authors": [
                {
                    "name": "Abid Omar",
                    "email": "contact@omarabid.com",
                    "homepage": "http://omarabid.com",
                    "role": "Lead Developer"
                }
            ],
            "description": "A debugging class for WordPress plugins.",
            "homepage": "http://omarabid.com",
            "keywords": [
                "debugging",
                "wordpress"
            ],
            "time": "2015-05-01 18:30:46"
        },
        {
            "name": "wpplex/wp-mvc",
            "version": "dev-master",
            "source": {
                "type": "git",
                "url": "https://github.com/wpplex/wp-mvc.git",
                "reference": "bb3627b986a8640a881f0c9685a77e1afe82480e"
            },
            "dist": {
                "type": "zip",
                "url": "https://api.github.com/repos/wpplex/wp-mvc/zipball/bb3627b986a8640a881f0c9685a77e1afe82480e",
                "reference": "bb3627b986a8640a881f0c9685a77e1afe82480e",
                "shasum": ""
            },
            "require": {
                "php": ">=5.3.2"
            },
            "type": "library",
            "autoload": {
                "psr-4": {
                    "wpplex\\WP_MVC\\": ""
                }
            },
            "notification-url": "https://packagist.org/downloads/",
            "license": [
                "GPL-2.0+"
            ],
            "description": "MVC Framework for WordPress",
            "homepage": "http://omarabid.com",
            "keywords": [
                "mvc",
                "wordpress"
            ],
            "time": "2015-05-01 18:26:21"
        },
        {
            "name": "wpplex/wp-notify",
            "version": "1.0.0",
            "source": {
                "type": "git",
                "url": "https://github.com/wpplex/wp-notify.git",
                "reference": "261638beb5055ed58fb41018ab4bcb8847142422"
            },
            "dist": {
                "type": "zip",
                "url": "https://api.github.com/repos/wpplex/wp-notify/zipball/261638beb5055ed58fb41018ab4bcb8847142422",
                "reference": "261638beb5055ed58fb41018ab4bcb8847142422",
                "shasum": ""
            },
            "require": {
                "php": ">=5.3.0"
            },
            "type": "library",
            "autoload": {
                "psr-4": {
                    "omarabid\\WP_Notify\\": ""
                }
            },
            "notification-url": "https://packagist.org/downloads/",
            "license": [
                "MIT"
            ],
            "authors": [
                {
                    "name": "Abid Omar",
                    "email": "contact@omarabid.com",
                    "homepage": "http://omarabid.com",
                    "role": "Lead Developer"
                }
            ],
            "description": "A small notification class to manage your WordPress Admin Notifications.",
            "homepage": "http://omarabid.com",
            "keywords": [
                "notifications",
                "wordpress"
            ],
            "time": "2015-04-29 15:37:20"
        },
        {
            "name": "wpplex/wp-options",
            "version": "dev-master",
            "source": {
                "type": "git",
                "url": "https://github.com/wpplex/wp-options.git",
                "reference": "ee64b4c65e038ea32dccccc7fa331bf15fd3adc7"
            },
            "dist": {
                "type": "zip",
                "url": "https://api.github.com/repos/wpplex/wp-options/zipball/ee64b4c65e038ea32dccccc7fa331bf15fd3adc7",
                "reference": "ee64b4c65e038ea32dccccc7fa331bf15fd3adc7",
                "shasum": ""
            },
            "require": {
                "php": ">=5.3.0"
            },
            "type": "library",
            "autoload": {
                "psr-4": {
                    "wpplex\\WP_Options\\": ""
                }
            },
            "notification-url": "https://packagist.org/downloads/",
            "license": [
                "MIT"
            ],
            "authors": [
                {
                    "name": "Abid Omar",
                    "email": "contact@omarabid.com",
                    "homepage": "http://omarabid.com",
                    "role": "Lead Developer"
                }
            ],
            "description": "A Fork of the Options Framework",
            "homepage": "http://omarabid.com",
            "keywords": [
                "options",
                "wordpress"
            ],
            "time": "2015-05-01 18:25:31"
        }
    ],
    "packages-dev": [],
    "aliases": [],
    "minimum-stability": "stable",
    "stability-flags": {
        "wpplex/wp-debugbar": 20,
        "wpplex/wp-autoupdate": 20,
        "wpplex/wp-options": 20,
        "wpplex/wp-mvc": 20
    },
    "prefer-stable": false,
    "prefer-lowest": false,
    "platform": {
        "php": ">=5.3.2"
    },
    "platform-dev": []
}
