{
    "_readme": [
        "This file locks the dependencies of your project to a known state",
        "Read more about it at http://getcomposer.org/doc/01-basic-usage.md#composer-lock-the-lock-file",
        "This file is @generated automatically"
    ],
    "hash": "d3d074e90626b78fcfd921e90061700c",
    "packages": [
        {
            "name": "monolog/monolog",
            "version": "1.13.1",
            "source": {
                "type": "git",
                "url": "https://github.com/Seldaek/monolog.git",
                "reference": "c31a2c4e8db5da8b46c74cf275d7f109c0f249ac"
            },
            "dist": {
                "type": "zip",
                "url": "https://api.github.com/repos/Seldaek/monolog/zipball/c31a2c4e8db5da8b46c74cf275d7f109c0f249ac",
                "reference": "c31a2c4e8db5da8b46c74cf275d7f109c0f249ac",
                "shasum": ""
            },
            "require": {
                "php": ">=5.3.0",
                "psr/log": "~1.0"
            },
            "provide": {
                "psr/log-implementation": "1.0.0"
            },
            "require-dev": {
                "aws/aws-sdk-php": "~2.4, >2.4.8",
                "doctrine/couchdb": "~1.0@dev",
                "graylog2/gelf-php": "~1.0",
                "phpunit/phpunit": "~4.0",
                "raven/raven": "~0.5",
                "ruflin/elastica": "0.90.*",
                "swiftmailer/swiftmailer": "~5.3",
                "videlalvaro/php-amqplib": "~2.4"
            },
            "suggest": {
                "aws/aws-sdk-php": "Allow sending log messages to AWS services like DynamoDB",
                "doctrine/couchdb": "Allow sending log messages to a CouchDB server",
                "ext-amqp": "Allow sending log messages to an AMQP server (1.0+ required)",
                "ext-mongo": "Allow sending log messages to a MongoDB server",
                "graylog2/gelf-php": "Allow sending log messages to a GrayLog2 server",
                "raven/raven": "Allow sending log messages to a Sentry server",
                "rollbar/rollbar": "Allow sending log messages to Rollbar",
                "ruflin/elastica": "Allow sending log messages to an Elastic Search server",
                "videlalvaro/php-amqplib": "Allow sending log messages to an AMQP server using php-amqplib"
            },
            "type": "library",
            "extra": {
                "branch-alias": {
                    "dev-master": "1.13.x-dev"
                }
            },
            "autoload": {
                "psr-4": {
                    "Monolog\\": "src/Monolog"
                }
            },
            "notification-url": "https://packagist.org/downloads/",
            "license": [
                "MIT"
            ],
            "authors": [
                {
                    "name": "Jordi Boggiano",
                    "email": "j.boggiano@seld.be",
                    "homepage": "http://seld.be"
                }
            ],
            "description": "Sends your logs to files, sockets, inboxes, databases and various web services",
            "homepage": "http://github.com/Seldaek/monolog",
            "keywords": [
                "log",
                "logging",
                "psr-3"
            ],
            "time": "2015-03-09 09:58:04"
        },
        {
            "name": "psr/log",
            "version": "1.0.0",
            "source": {
                "type": "git",
                "url": "https://github.com/php-fig/log.git",
                "reference": "fe0936ee26643249e916849d48e3a51d5f5e278b"
            },
            "dist": {
                "type": "zip",
                "url": "https://api.github.com/repos/php-fig/log/zipball/fe0936ee26643249e916849d48e3a51d5f5e278b",
                "reference": "fe0936ee26643249e916849d48e3a51d5f5e278b",
                "shasum": ""
            },
            "type": "library",
            "autoload": {
                "psr-0": {
                    "Psr\\Log\\": ""
                }
            },
            "notification-url": "https://packagist.org/downloads/",
            "license": [
                "MIT"
            ],
            "authors": [
                {
                    "name": "PHP-FIG",
                    "homepage": "http://www.php-fig.org/"
                }
            ],
            "description": "Common interface for logging libraries",
            "keywords": [
                "log",
                "psr",
                "psr-3"
            ],
            "time": "2012-12-21 11:40:51"
        },
        {
            "name": "twig/twig",
            "version": "v1.18.1",
            "source": {
                "type": "git",
                "url": "https://github.com/twigphp/Twig.git",
                "reference": "9f70492f44398e276d1b81c1b43adfe6751c7b7f"
            },
            "dist": {
                "type": "zip",
                "url": "https://api.github.com/repos/twigphp/Twig/zipball/9f70492f44398e276d1b81c1b43adfe6751c7b7f",
                "reference": "9f70492f44398e276d1b81c1b43adfe6751c7b7f",
                "shasum": ""
            },
            "require": {
                "php": ">=5.2.7"
            },
            "type": "library",
            "extra": {
                "branch-alias": {
                    "dev-master": "1.18-dev"
                }
            },
            "autoload": {
                "psr-0": {
                    "Twig_": "lib/"
                }
            },
            "notification-url": "https://packagist.org/downloads/",
            "license": [
                "BSD-3-Clause"
            ],
            "authors": [
                {
                    "name": "Fabien Potencier",
                    "email": "fabien@symfony.com",
                    "homepage": "http://fabien.potencier.org",
                    "role": "Lead Developer"
                },
                {
                    "name": "Armin Ronacher",
                    "email": "armin.ronacher@active-4.com",
                    "role": "Project Founder"
                },
                {
                    "name": "Twig Team",
                    "homepage": "http://twig.sensiolabs.org/contributors",
                    "role": "Contributors"
                }
            ],
            "description": "Twig, the flexible, fast, and secure template language for PHP",
            "homepage": "http://twig.sensiolabs.org",
            "keywords": [
                "templating"
            ],
            "time": "2015-04-19 08:30:27"
        },
        {
            "name": "wpplex/wp-autoupdate",
            "version": "dev-master",
            "source": {
                "type": "git",
                "url": "https://github.com/wpplex/wp-autoupdate.git",
                "reference": "e2f63fb2b59ab5d6550c8dacf1cc1cce74a1b735"
            },
            "dist": {
                "type": "zip",
                "url": "https://api.github.com/repos/wpplex/wp-autoupdate/zipball/e2f63fb2b59ab5d6550c8dacf1cc1cce74a1b735",
                "reference": "e2f63fb2b59ab5d6550c8dacf1cc1cce74a1b735",
                "shasum": ""
            },
            "require": {
                "php": ">=5.3.0"
            },
            "type": "library",
            "autoload": {
                "psr-4": {
                    "wpplex\\WP_AutoUpdate\\": ""
                }
            },
            "notification-url": "https://packagist.org/downloads/",
            "license": [
                "MIT"
            ],
            "authors": [
                {
                    "name": "Abid Omar",
                    "email": "contact@omarabid.com",
                    "homepage": "http://omarabid.com",
                    "role": "Lead Developer"
                }
            ],
            "description": "Create your own self-hosted WordPress Plugin repository for pushing automatic updates.",
            "homepage": "http://omarabid.com",
            "keywords": [
                "auto-update",
                "wordpress"
            ],
            "time": "2015-05-01 17:06:40"
        },
        {
            "name": "wpplex/wp-debugbar",
            "version": "dev-master",
            "source": {
                "type": "git",
                "url": "https://github.com/wpplex/wp-debugbar.git",
                "reference": "be9796b863ad3da06275d103840127fc4ece88d6"
            },
            "dist": {
                "type": "zip",
                "url": "https://api.github.com/repos/wpplex/wp-debugbar/zipball/be9796b863ad3da06275d103840127fc4ece88d6",
                "reference": "be9796b863ad3da06275d103840127fc4ece88d6",
                "shasum": ""
            },
            "require": {
                "php": ">=5.3.0"
            },
            "type": "library",
            "autoload": {
                "psr-4": {
                    "wpplex\\WP_DebugBar\\": ""
                }
            },
            "notification-url": "https://packagist.org/downloads/",
            "license": [
                "MIT"
            ],
            "authors": [
                {
                    "name": "Abid Omar",
                    "email": "contact@omarabid.com",
                    "homepage": "http://omarabid.com",
                    "role": "Lead Developer"
                }
            ],
            "description": "A debugging class for WordPress plugins.",
            "homepage": "http://omarabid.com",
            "keywords": [
                "debugging",
                "wordpress"
            ],
            "time": "2015-05-01 20:10:38"
        },
        {
            "name": "wpplex/wp-mvc",
            "version": "dev-master",
            "source": {
                "type": "git",
                "url": "https://github.com/wpplex/wp-mvc.git",
                "reference": "a330ca29b9cae19b7077ba6b86300410f0255639"
            },
            "dist": {
                "type": "zip",
                "url": "https://api.github.com/repos/wpplex/wp-mvc/zipball/a330ca29b9cae19b7077ba6b86300410f0255639",
                "reference": "a330ca29b9cae19b7077ba6b86300410f0255639",
                "shasum": ""
            },
            "require": {
                "php": ">=5.3.2"
            },
            "type": "library",
            "autoload": {
                "psr-4": {
                    "wpplex\\WP_MVC\\": ""
                }
            },
            "notification-url": "https://packagist.org/downloads/",
            "license": [
                "GPL-2.0+"
            ],
            "description": "MVC Framework for WordPress",
            "homepage": "http://omarabid.com",
            "keywords": [
                "mvc",
                "wordpress"
            ],
            "time": "2015-05-01 20:11:19"
        },
        {
            "name": "wpplex/wp-notify",
            "version": "1.0.0",
            "source": {
                "type": "git",
                "url": "https://github.com/wpplex/wp-notify.git",
                "reference": "261638beb5055ed58fb41018ab4bcb8847142422"
            },
            "dist": {
                "type": "zip",
                "url": "https://api.github.com/repos/wpplex/wp-notify/zipball/261638beb5055ed58fb41018ab4bcb8847142422",
                "reference": "261638beb5055ed58fb41018ab4bcb8847142422",
                "shasum": ""
            },
            "require": {
                "php": ">=5.3.0"
            },
            "type": "library",
            "autoload": {
                "psr-4": {
                    "omarabid\\WP_Notify\\": ""
                }
            },
            "notification-url": "https://packagist.org/downloads/",
            "license": [
                "MIT"
            ],
            "authors": [
                {
                    "name": "Abid Omar",
                    "email": "contact@omarabid.com",
                    "homepage": "http://omarabid.com",
                    "role": "Lead Developer"
                }
            ],
            "description": "A small notification class to manage your WordPress Admin Notifications.",
            "homepage": "http://omarabid.com",
            "keywords": [
                "notifications",
                "wordpress"
            ],
            "time": "2015-04-29 15:37:20"
        },
        {
            "name": "wpplex/wp-options",
            "version": "dev-master",
            "source": {
                "type": "git",
                "url": "https://github.com/wpplex/wp-options.git",
                "reference": "0f5eef59ec7aab3cb32ff069d31ffdf37629cebf"
            },
            "dist": {
                "type": "zip",
                "url": "https://api.github.com/repos/wpplex/wp-options/zipball/0f5eef59ec7aab3cb32ff069d31ffdf37629cebf",
                "reference": "0f5eef59ec7aab3cb32ff069d31ffdf37629cebf",
                "shasum": ""
            },
            "require": {
                "php": ">=5.3.0"
            },
            "type": "library",
            "autoload": {
                "psr-4": {
                    "wpplex\\WP_Options\\": ""
                }
            },
            "notification-url": "https://packagist.org/downloads/",
            "license": [
                "MIT"
            ],
            "authors": [
                {
                    "name": "Abid Omar",
                    "email": "contact@omarabid.com",
                    "homepage": "http://omarabid.com",
                    "role": "Lead Developer"
                }
            ],
            "description": "A Fork of the Options Framework",
            "homepage": "http://omarabid.com",
            "keywords": [
                "options",
                "wordpress"
            ],
            "time": "2015-05-01 20:11:57"
        }
    ],
    "packages-dev": [],
    "aliases": [],
    "minimum-stability": "stable",
    "stability-flags": {
        "wpplex/wp-debugbar": 20,
        "wpplex/wp-autoupdate": 20,
        "wpplex/wp-options": 20,
        "wpplex/wp-mvc": 20
    },
    "prefer-stable": false,
    "prefer-lowest": false,
    "platform": {
        "php": ">=5.3.2"
    },
    "platform-dev": []
}
