{
    "_readme": [
        "This file locks the dependencies of your project to a known state",
        "Read more about it at http://getcomposer.org/doc/01-basic-usage.md#composer-lock-the-lock-file",
        "This file is @generated automatically"
    ],
    "hash": "29f5314c8163627247b33230ea54acee",
    "packages": [
        {
            "name": "omarabid/wp-autoupdate",
            "version": "dev-master",
            "source": {
                "type": "git",
                "url": "https://github.com/omarabid/Self-Hosted-WordPress-Plugin-repository.git",
                "reference": "db3081b81c337431856777a6c44c86d501d174da"
            },
            "dist": {
                "type": "zip",
                "url": "https://api.github.com/repos/omarabid/Self-Hosted-WordPress-Plugin-repository/zipball/db3081b81c337431856777a6c44c86d501d174da",
                "reference": "db3081b81c337431856777a6c44c86d501d174da",
                "shasum": ""
            },
            "require": {
                "php": ">=5.3.0"
            },
            "type": "library",
            "autoload": {
                "psr-4": {
                    "omarabid\\WP_AutoUpdate\\": ""
                }
            },
            "notification-url": "https://packagist.org/downloads/",
            "license": [
                "MIT"
            ],
            "authors": [
                {
                    "name": "Abid Omar",
                    "email": "contact@omarabid.com",
                    "homepage": "http://omarabid.com",
                    "role": "Lead Developer"
                }
            ],
            "description": "Create your own self-hosted WordPress Plugin repository for pushing automatic updates.",
            "homepage": "http://omarabid.com",
            "keywords": [
                "auto-update",
                "wordpress"
            ],
            "time": "2015-04-29 17:07:32"
        },
        {
            "name": "omarabid/wp-debugbar",
            "version": "dev-master",
            "source": {
                "type": "git",
                "url": "https://github.com/omarabid/wp-debugbar.git",
                "reference": "46fb265beb27cee6d51bcebecf174ae5c6a23b71"
            },
            "dist": {
                "type": "zip",
                "url": "https://api.github.com/repos/omarabid/wp-debugbar/zipball/46fb265beb27cee6d51bcebecf174ae5c6a23b71",
                "reference": "46fb265beb27cee6d51bcebecf174ae5c6a23b71",
                "shasum": ""
            },
            "require": {
                "php": ">=5.3.0"
            },
            "type": "library",
            "autoload": {
                "psr-4": {
                    "omarabid\\WP_DebugBar\\": ""
                }
            },
            "notification-url": "https://packagist.org/downloads/",
            "license": [
                "MIT"
            ],
            "authors": [
                {
                    "name": "Abid Omar",
                    "email": "contact@omarabid.com",
                    "homepage": "http://omarabid.com",
                    "role": "Lead Developer"
                }
            ],
            "description": "A debugging class for WordPress plugins.",
            "homepage": "http://omarabid.com",
            "keywords": [
                "debugging",
                "wordpress"
            ],
            "time": "2015-04-29 16:35:15"
        },
        {
            "name": "omarabid/wp-notify",
            "version": "v1.0",
            "source": {
                "type": "git",
                "url": "https://github.com/omarabid/wp-notify.git",
                "reference": "261638beb5055ed58fb41018ab4bcb8847142422"
            },
            "dist": {
                "type": "zip",
                "url": "https://api.github.com/repos/omarabid/wp-notify/zipball/261638beb5055ed58fb41018ab4bcb8847142422",
                "reference": "261638beb5055ed58fb41018ab4bcb8847142422",
                "shasum": ""
            },
            "require": {
                "php": ">=5.3.0"
            },
            "type": "library",
            "autoload": {
                "psr-4": {
                    "omarabid\\WP_Notify\\": ""
                }
            },
            "notification-url": "https://packagist.org/downloads/",
            "license": [
                "MIT"
            ],
            "authors": [
                {
                    "name": "Abid Omar",
                    "email": "contact@omarabid.com",
                    "homepage": "http://omarabid.com",
                    "role": "Lead Developer"
                }
            ],
            "description": "A small notification class to manage your WordPress Admin Notifications.",
            "homepage": "http://omarabid.com",
            "keywords": [
                "notifications",
                "wordpress"
            ],
            "time": "2015-04-29 15:37:20"
        },
        {
            "name": "pippinsplugins/wp-logging",
            "version": "dev-master",
            "source": {
                "type": "git",
                "url": "https://github.com/omarabid/WP-Logging.git",
                "reference": "54cfe25c6e92b88c5d467bd9b520560376bc7670"
            },
            "dist": {
                "type": "zip",
                "url": "https://api.github.com/repos/omarabid/WP-Logging/zipball/54cfe25c6e92b88c5d467bd9b520560376bc7670",
                "reference": "54cfe25c6e92b88c5d467bd9b520560376bc7670",
                "shasum": ""
            },
            "require": {
                "php": ">=5.2.0"
            },
            "type": "library",
            "autoload": {
                "psr-4": {
                    "pippinsplugins\\": ""
                }
            },
            "license": [
                "GPL-2.0+"
            ],
            "authors": [
                {
                    "name": "Pippin Williamson"
                }
            ],
            "description": "A WordPress class that provides a general logging system.",
            "homepage": "https://github.com/pippinsplugins/WP-Logging",
            "keywords": [
                "log",
                "logger",
                "logging",
                "wordpress"
            ],
            "support": {
                "source": "https://github.com/omarabid/WP-Logging/tree/master"
            },
            "time": "2015-04-29 13:30:19"
        },
        {
            "name": "twig/twig",
            "version": "v1.18.1",
            "source": {
                "type": "git",
                "url": "https://github.com/twigphp/Twig.git",
                "reference": "9f70492f44398e276d1b81c1b43adfe6751c7b7f"
            },
            "dist": {
                "type": "zip",
                "url": "https://api.github.com/repos/twigphp/Twig/zipball/9f70492f44398e276d1b81c1b43adfe6751c7b7f",
                "reference": "9f70492f44398e276d1b81c1b43adfe6751c7b7f",
                "shasum": ""
            },
            "require": {
                "php": ">=5.2.7"
            },
            "type": "library",
            "extra": {
                "branch-alias": {
                    "dev-master": "1.18-dev"
                }
            },
            "autoload": {
                "psr-0": {
                    "Twig_": "lib/"
                }
            },
            "notification-url": "https://packagist.org/downloads/",
            "license": [
                "BSD-3-Clause"
            ],
            "authors": [
                {
                    "name": "Fabien Potencier",
                    "email": "fabien@symfony.com",
                    "homepage": "http://fabien.potencier.org",
                    "role": "Lead Developer"
                },
                {
                    "name": "Armin Ronacher",
                    "email": "armin.ronacher@active-4.com",
                    "role": "Project Founder"
                },
                {
                    "name": "Twig Team",
                    "homepage": "http://twig.sensiolabs.org/contributors",
                    "role": "Contributors"
                }
            ],
            "description": "Twig, the flexible, fast, and secure template language for PHP",
            "homepage": "http://twig.sensiolabs.org",
            "keywords": [
                "templating"
            ],
            "time": "2015-04-19 08:30:27"
        }
    ],
    "packages-dev": [],
    "aliases": [],
    "minimum-stability": "stable",
    "stability-flags": {
        "pippinsplugins/wp-logging": 20,
        "omarabid/wp-debugbar": 20,
        "omarabid/wp-autoupdate": 20
    },
    "prefer-stable": false,
    "prefer-lowest": false,
    "platform": {
        "php": ">=5.3.2"
    },
    "platform-dev": []
}
